// !$*UTF8*$!
{
	archiveVersion = 1;
	classes = {
	};
	objectVersion = 55;
	objects = {

/* Begin PBXBuildFile section */
		295262A1287DBE7D0068A168 /* Service.swift in Sources */ = {isa = PBXBuildFile; fileRef = 295262A0287DBE7D0068A168 /* Service.swift */; };
		295262A4287DBFEE0068A168 /* APICaller.swift in Sources */ = {isa = PBXBuildFile; fileRef = 295262A3287DBFEE0068A168 /* APICaller.swift */; };
		297B2736287DB40900D7751E /* AppDelegate.swift in Sources */ = {isa = PBXBuildFile; fileRef = 297B2735287DB40900D7751E /* AppDelegate.swift */; };
		297B2738287DB40900D7751E /* SceneDelegate.swift in Sources */ = {isa = PBXBuildFile; fileRef = 297B2737287DB40900D7751E /* SceneDelegate.swift */; };
		297B273A287DB40900D7751E /* ViewController.swift in Sources */ = {isa = PBXBuildFile; fileRef = 297B2739287DB40900D7751E /* ViewController.swift */; };
		297B273D287DB40900D7751E /* Main.storyboard in Resources */ = {isa = PBXBuildFile; fileRef = 297B273B287DB40900D7751E /* Main.storyboard */; };
		297B273F287DB40900D7751E /* Assets.xcassets in Resources */ = {isa = PBXBuildFile; fileRef = 297B273E287DB40900D7751E /* Assets.xcassets */; };
		297B2742287DB40900D7751E /* LaunchScreen.storyboard in Resources */ = {isa = PBXBuildFile; fileRef = 297B2740287DB40900D7751E /* LaunchScreen.storyboard */; };
		29B94B86287F199200FE671C /* TableViewCell.swift in Sources */ = {isa = PBXBuildFile; fileRef = 29B94B85287F199200FE671C /* TableViewCell.swift */; };
		29DE11C3287EDBB900DC3035 /* SDWebImage in Frameworks */ = {isa = PBXBuildFile; productRef = 29DE11C2287EDBB900DC3035 /* SDWebImage */; };
		29DE11C5287EDBB900DC3035 /* SDWebImageMapKit in Frameworks */ = {isa = PBXBuildFile; productRef = 29DE11C4287EDBB900DC3035 /* SDWebImageMapKit */; };
/* End PBXBuildFile section */

/* Begin PBXFileReference section */
		295262A0287DBE7D0068A168 /* Service.swift */ = {isa = PBXFileReference; lastKnownFileType = sourcecode.swift; path = Service.swift; sourceTree = "<group>"; };
		295262A3287DBFEE0068A168 /* APICaller.swift */ = {isa = PBXFileReference; lastKnownFileType = sourcecode.swift; path = APICaller.swift; sourceTree = "<group>"; };
		297B2732287DB40900D7751E /* vkTest.app */ = {isa = PBXFileReference; explicitFileType = wrapper.application; includeInIndex = 0; path = vkTest.app; sourceTree = BUILT_PRODUCTS_DIR; };
		297B2735287DB40900D7751E /* AppDelegate.swift */ = {isa = PBXFileReference; lastKnownFileType = sourcecode.swift; path = AppDelegate.swift; sourceTree = "<group>"; };
		297B2737287DB40900D7751E /* SceneDelegate.swift */ = {isa = PBXFileReference; lastKnownFileType = sourcecode.swift; path = SceneDelegate.swift; sourceTree = "<group>"; };
		297B2739287DB40900D7751E /* ViewController.swift */ = {isa = PBXFileReference; lastKnownFileType = sourcecode.swift; path = ViewController.swift; sourceTree = "<group>"; };
		297B273C287DB40900D7751E /* Base */ = {isa = PBXFileReference; lastKnownFileType = file.storyboard; name = Base; path = Base.lproj/Main.storyboard; sourceTree = "<group>"; };
		297B273E287DB40900D7751E /* Assets.xcassets */ = {isa = PBXFileReference; lastKnownFileType = folder.assetcatalog; path = Assets.xcassets; sourceTree = "<group>"; };
		297B2741287DB40900D7751E /* Base */ = {isa = PBXFileReference; lastKnownFileType = file.storyboard; name = Base; path = Base.lproj/LaunchScreen.storyboard; sourceTree = "<group>"; };
		297B2743287DB40900D7751E /* Info.plist */ = {isa = PBXFileReference; lastKnownFileType = text.plist.xml; path = Info.plist; sourceTree = "<group>"; };
		29B94B85287F199200FE671C /* TableViewCell.swift */ = {isa = PBXFileReference; lastKnownFileType = sourcecode.swift; path = TableViewCell.swift; sourceTree = "<group>"; };
/* End PBXFileReference section */

/* Begin PBXFrameworksBuildPhase section */
		297B272F287DB40900D7751E /* Frameworks */ = {
			isa = PBXFrameworksBuildPhase;
			buildActionMask = 2147483647;
			files = (
				29DE11C5287EDBB900DC3035 /* SDWebImageMapKit in Frameworks */,
				29DE11C3287EDBB900DC3035 /* SDWebImage in Frameworks */,
			);
			runOnlyForDeploymentPostprocessing = 0;
		};
/* End PBXFrameworksBuildPhase section */

/* Begin PBXGroup section */
		2952629E287DBE2B0068A168 /* Controller */ = {
			isa = PBXGroup;
			children = (
				297B2739287DB40900D7751E /* ViewController.swift */,
				29B94B85287F199200FE671C /* TableViewCell.swift */,
			);
			path = Controller;
			sourceTree = "<group>";
		};
		2952629F287DBE3C0068A168 /* Models */ = {
			isa = PBXGroup;
			children = (
				295262A0287DBE7D0068A168 /* Service.swift */,
			);
			path = Models;
			sourceTree = "<group>";
		};
		295262A2287DBFC00068A168 /* Managers */ = {
			isa = PBXGroup;
			children = (
				295262A3287DBFEE0068A168 /* APICaller.swift */,
			);
			path = Managers;
			sourceTree = "<group>";
		};
		297B2729287DB40800D7751E = {
			isa = PBXGroup;
			children = (
				297B2734287DB40900D7751E /* vkTest */,
				297B2733287DB40900D7751E /* Products */,
			);
			sourceTree = "<group>";
		};
		297B2733287DB40900D7751E /* Products */ = {
			isa = PBXGroup;
			children = (
				297B2732287DB40900D7751E /* vkTest.app */,
			);
			name = Products;
			sourceTree = "<group>";
		};
		297B2734287DB40900D7751E /* vkTest */ = {
			isa = PBXGroup;
			children = (
				295262A2287DBFC00068A168 /* Managers */,
				2952629F287DBE3C0068A168 /* Models */,
				2952629E287DBE2B0068A168 /* Controller */,
				297B2735287DB40900D7751E /* AppDelegate.swift */,
				297B2737287DB40900D7751E /* SceneDelegate.swift */,
				297B273B287DB40900D7751E /* Main.storyboard */,
				297B273E287DB40900D7751E /* Assets.xcassets */,
				297B2740287DB40900D7751E /* LaunchScreen.storyboard */,
				297B2743287DB40900D7751E /* Info.plist */,
			);
			path = vkTest;
			sourceTree = "<group>";
		};
/* End PBXGroup section */

/* Begin PBXNativeTarget section */
		297B2731287DB40900D7751E /* vkTest */ = {
			isa = PBXNativeTarget;
			buildConfigurationList = 297B2746287DB40900D7751E /* Build configuration list for PBXNativeTarget "vkTest" */;
			buildPhases = (
				297B272E287DB40900D7751E /* Sources */,
				297B272F287DB40900D7751E /* Frameworks */,
				297B2730287DB40900D7751E /* Resources */,
			);
			buildRules = (
			);
			dependencies = (
			);
			name = vkTest;
			packageProductDependencies = (
				29DE11C2287EDBB900DC3035 /* SDWebImage */,
				29DE11C4287EDBB900DC3035 /* SDWebImageMapKit */,
			);
			productName = vkTest;
			productReference = 297B2732287DB40900D7751E /* vkTest.app */;
			productType = "com.apple.product-type.application";
		};
/* End PBXNativeTarget section */

/* Begin PBXProject section */
		297B272A287DB40800D7751E /* Project object */ = {
			isa = PBXProject;
			attributes = {
				BuildIndependentTargetsInParallel = 1;
				LastSwiftUpdateCheck = 1340;
				LastUpgradeCheck = 1340;
				TargetAttributes = {
					297B2731287DB40900D7751E = {
						CreatedOnToolsVersion = 13.4.1;
					};
				};
			};
			buildConfigurationList = 297B272D287DB40800D7751E /* Build configuration list for PBXProject "vkTest" */;
			compatibilityVersion = "Xcode 13.0";
			developmentRegion = en;
			hasScannedForEncodings = 0;
			knownRegions = (
				en,
				Base,
			);
			mainGroup = 297B2729287DB40800D7751E;
			packageReferences = (
				29DE11C1287EDBB900DC3035 /* XCRemoteSwiftPackageReference "SDWebImage" */,
			);
			productRefGroup = 297B2733287DB40900D7751E /* Products */;
			projectDirPath = "";
			projectRoot = "";
			targets = (
				297B2731287DB40900D7751E /* vkTest */,
			);
		};
/* End PBXProject section */

/* Begin PBXResourcesBuildPhase section */
		297B2730287DB40900D7751E /* Resources */ = {
			isa = PBXResourcesBuildPhase;
			buildActionMask = 2147483647;
			files = (
				297B2742287DB40900D7751E /* LaunchScreen.storyboard in Resources */,
				297B273F287DB40900D7751E /* Assets.xcassets in Resources */,
				297B273D287DB40900D7751E /* Main.storyboard in Resources */,
			);
			runOnlyForDeploymentPostprocessing = 0;
		};
/* End PBXResourcesBuildPhase section */

/* Begin PBXSourcesBuildPhase section */
		297B272E287DB40900D7751E /* Sources */ = {
			isa = PBXSourcesBuildPhase;
			buildActionMask = 2147483647;
			files = (
				297B273A287DB40900D7751E /* ViewController.swift in Sources */,
				295262A1287DBE7D0068A168 /* Service.swift in Sources */,
				297B2736287DB40900D7751E /* AppDelegate.swift in Sources */,
				29B94B86287F199200FE671C /* TableViewCell.swift in Sources */,
				295262A4287DBFEE0068A168 /* APICaller.swift in Sources */,
				297B2738287DB40900D7751E /* SceneDelegate.swift in Sources */,
			);
			runOnlyForDeploymentPostprocessing = 0;
		};
/* End PBXSourcesBuildPhase section */

/* Begin PBXVariantGroup section */
		297B273B287DB40900D7751E /* Main.storyboard */ = {
			isa = PBXVariantGroup;
			children = (
				297B273C287DB40900D7751E /* Base */,
			);
			name = Main.storyboard;
			sourceTree = "<group>";
		};
		297B2740287DB40900D7751E /* LaunchScreen.storyboard */ = {
			isa = PBXVariantGroup;
			children = (
				297B2741287DB40900D7751E /* Base */,
			);
			name = LaunchScreen.storyboard;
			sourceTree = "<group>";
		};
/* End PBXVariantGroup section */

/* Begin XCBuildConfiguration section */
		297B2744287DB40900D7751E /* Debug */ = {
			isa = XCBuildConfiguration;
			buildSettings = {
				ALWAYS_SEARCH_USER_PATHS = NO;
				CLANG_ANALYZER_NONNULL = YES;
				CLANG_ANALYZER_NUMBER_OBJECT_CONVERSION = YES_AGGRESSIVE;
				CLANG_CXX_LANGUAGE_STANDARD = "gnu++17";
				CLANG_ENABLE_MODULES = YES;
				CLANG_ENABLE_OBJC_ARC = YES;
				CLANG_ENABLE_OBJC_WEAK = YES;
				CLANG_WARN_BLOCK_CAPTURE_AUTORELEASING = YES;
				CLANG_WARN_BOOL_CONVERSION = YES;
				CLANG_WARN_COMMA = YES;
				CLANG_WARN_CONSTANT_CONVERSION = YES;
				CLANG_WARN_DEPRECATED_OBJC_IMPLEMENTATIONS = YES;
				CLANG_WARN_DIRECT_OBJC_ISA_USAGE = YES_ERROR;
				CLANG_WARN_DOCUMENTATION_COMMENTS = YES;
				CLANG_WARN_EMPTY_BODY = YES;
				CLANG_WARN_ENUM_CONVERSION = YES;
				CLANG_WARN_INFINITE_RECURSION = YES;
				CLANG_WARN_INT_CONVERSION = YES;
				CLANG_WARN_NON_LITERAL_NULL_CONVERSION = YES;
				CLANG_WARN_OBJC_IMPLICIT_RETAIN_SELF = YES;
				CLANG_WARN_OBJC_LITERAL_CONVERSION = YES;
				CLANG_WARN_OBJC_ROOT_CLASS = YES_ERROR;
				CLANG_WARN_QUOTED_INCLUDE_IN_FRAMEWORK_HEADER = YES;
				CLANG_WARN_RANGE_LOOP_ANALYSIS = YES;
				CLANG_WARN_STRICT_PROTOTYPES = YES;
				CLANG_WARN_SUSPICIOUS_MOVE = YES;
				CLANG_WARN_UNGUARDED_AVAILABILITY = YES_AGGRESSIVE;
				CLANG_WARN_UNREACHABLE_CODE = YES;
				CLANG_WARN__DUPLICATE_METHOD_MATCH = YES;
				COPY_PHASE_STRIP = NO;
				DEBUG_INFORMATION_FORMAT = dwarf;
				ENABLE_STRICT_OBJC_MSGSEND = YES;
				ENABLE_TESTABILITY = YES;
				GCC_C_LANGUAGE_STANDARD = gnu11;
				GCC_DYNAMIC_NO_PIC = NO;
				GCC_NO_COMMON_BLOCKS = YES;
				GCC_OPTIMIZATION_LEVEL = 0;
				GCC_PREPROCESSOR_DEFINITIONS = (
					"DEBUG=1",
					"$(inherited)",
				);
				GCC_WARN_64_TO_32_BIT_CONVERSION = YES;
				GCC_WARN_ABOUT_RETURN_TYPE = YES_ERROR;
				GCC_WARN_UNDECLARED_SELECTOR = YES;
				GCC_WARN_UNINITIALIZED_AUTOS = YES_AGGRESSIVE;
				GCC_WARN_UNUSED_FUNCTION = YES;
				GCC_WARN_UNUSED_VARIABLE = YES;
				IPHONEOS_DEPLOYMENT_TARGET = 15.5;
				MTL_ENABLE_DEBUG_INFO = INCLUDE_SOURCE;
				MTL_FAST_MATH = YES;
				ONLY_ACTIVE_ARCH = YES;
				SDKROOT = iphoneos;
				SWIFT_ACTIVE_COMPILATION_CONDITIONS = DEBUG;
				SWIFT_OPTIMIZATION_LEVEL = "-Onone";
			};
			name = Debug;
		};
		297B2745287DB40900D7751E /* Release */ = {
			isa = XCBuildConfiguration;
			buildSettings = {
				ALWAYS_SEARCH_USER_PATHS = NO;
				CLANG_ANALYZER_NONNULL = YES;
				CLANG_ANALYZER_NUMBER_OBJECT_CONVERSION = YES_AGGRESSIVE;
				CLANG_CXX_LANGUAGE_STANDARD = "gnu++17";
				CLANG_ENABLE_MODULES = YES;
				CLANG_ENABLE_OBJC_ARC = YES;
				CLANG_ENABLE_OBJC_WEAK = YES;
				CLANG_WARN_BLOCK_CAPTURE_AUTORELEASING = YES;
				CLANG_WARN_BOOL_CONVERSION = YES;
				CLANG_WARN_COMMA = YES;
				CLANG_WARN_CONSTANT_CONVERSION = YES;
				CLANG_WARN_DEPRECATED_OBJC_IMPLEMENTATIONS = YES;
				CLANG_WARN_DIRECT_OBJC_ISA_USAGE = YES_ERROR;
				CLANG_WARN_DOCUMENTATION_COMMENTS = YES;
				CLANG_WARN_EMPTY_BODY = YES;
				CLANG_WARN_ENUM_CONVERSION = YES;
				CLANG_WARN_INFINITE_RECURSION = YES;
				CLANG_WARN_INT_CONVERSION = YES;
				CLANG_WARN_NON_LITERAL_NULL_CONVERSION = YES;
				CLANG_WARN_OBJC_IMPLICIT_RETAIN_SELF = YES;
				CLANG_WARN_OBJC_LITERAL_CONVERSION = YES;
				CLANG_WARN_OBJC_ROOT_CLASS = YES_ERROR;
				CLANG_WARN_QUOTED_INCLUDE_IN_FRAMEWORK_HEADER = YES;
				CLANG_WARN_RANGE_LOOP_ANALYSIS = YES;
				CLANG_WARN_STRICT_PROTOTYPES = YES;
				CLANG_WARN_SUSPICIOUS_MOVE = YES;
				CLANG_WARN_UNGUARDED_AVAILABILITY = YES_AGGRESSIVE;
				CLANG_WARN_UNREACHABLE_CODE = YES;
				CLANG_WARN__DUPLICATE_METHOD_MATCH = YES;
				COPY_PHASE_STRIP = NO;
				DEBUG_INFORMATION_FORMAT = "dwarf-with-dsym";
				ENABLE_NS_ASSERTIONS = NO;
				ENABLE_STRICT_OBJC_MSGSEND = YES;
				GCC_C_LANGUAGE_STANDARD = gnu11;
				GCC_NO_COMMON_BLOCKS = YES;
				GCC_WARN_64_TO_32_BIT_CONVERSION = YES;
				GCC_WARN_ABOUT_RETURN_TYPE = YES_ERROR;
				GCC_WARN_UNDECLARED_SELECTOR = YES;
				GCC_WARN_UNINITIALIZED_AUTOS = YES_AGGRESSIVE;
				GCC_WARN_UNUSED_FUNCTION = YES;
				GCC_WARN_UNUSED_VARIABLE = YES;
				IPHONEOS_DEPLOYMENT_TARGET = 15.5;
				MTL_ENABLE_DEBUG_INFO = NO;
				MTL_FAST_MATH = YES;
				SDKROOT = iphoneos;
				SWIFT_COMPILATION_MODE = wholemodule;
				SWIFT_OPTIMIZATION_LEVEL = "-O";
				VALIDATE_PRODUCT = YES;
			};
			name = Release;
		};
		297B2747287DB40900D7751E /* Debug */ = {
			isa = XCBuildConfiguration;
			buildSettings = {
				ASSETCATALOG_COMPILER_APPICON_NAME = AppIcon;
				ASSETCATALOG_COMPILER_GLOBAL_ACCENT_COLOR_NAME = AccentColor;
				CODE_SIGN_STYLE = Automatic;
				CURRENT_PROJECT_VERSION = 1;
				DEVELOPMENT_TEAM = M5ARS24R94;
				GENERATE_INFOPLIST_FILE = YES;
				INFOPLIST_FILE = vkTest/Info.plist;
				INFOPLIST_KEY_UIApplicationSupportsIndirectInputEvents = YES;
				INFOPLIST_KEY_UILaunchStoryboardName = LaunchScreen;
				INFOPLIST_KEY_UIMainStoryboardFile = Main;
				INFOPLIST_KEY_UISupportedInterfaceOrientations_iPad = "UIInterfaceOrientationPortrait UIInterfaceOrientationPortraitUpsideDown UIInterfaceOrientationLandscapeLeft UIInterfaceOrientationLandscapeRight";
				INFOPLIST_KEY_UISupportedInterfaceOrientations_iPhone = "UIInterfaceOrientationPortrait UIInterfaceOrientationLandscapeLeft UIInterfaceOrientationLandscapeRight";
				LD_RUNPATH_SEARCH_PATHS = (
					"$(inherited)",
					"@executable_path/Frameworks",
				);
				MARKETING_VERSION = 1.0;
				PRODUCT_BUNDLE_IDENTIFIER = m1ky.vkTest;
				PRODUCT_NAME = "$(TARGET_NAME)";
				SWIFT_EMIT_LOC_STRINGS = YES;
				SWIFT_VERSION = 5.0;
				TARGETED_DEVICE_FAMILY = "1,2";
			};
			name = Debug;
		};
		297B2748287DB40900D7751E /* Release */ = {
			isa = XCBuildConfiguration;
			buildSettings = {
				ASSETCATALOG_COMPILER_APPICON_NAME = AppIcon;
				ASSETCATALOG_COMPILER_GLOBAL_ACCENT_COLOR_NAME = AccentColor;
				CODE_SIGN_STYLE = Automatic;
				CURRENT_PROJECT_VERSION = 1;
				DEVELOPMENT_TEAM = M5ARS24R94;
				GENERATE_INFOPLIST_FILE = YES;
				INFOPLIST_FILE = vkTest/Info.plist;
				INFOPLIST_KEY_UIApplicationSupportsIndirectInputEvents = YES;
				INFOPLIST_KEY_UILaunchStoryboardName = LaunchScreen;
				INFOPLIST_KEY_UIMainStoryboardFile = Main;
				INFOPLIST_KEY_UISupportedInterfaceOrientations_iPad = "UIInterfaceOrientationPortrait UIInterfaceOrientationPortraitUpsideDown UIInterfaceOrientationLandscapeLeft UIInterfaceOrientationLandscapeRight";
				INFOPLIST_KEY_UISupportedInterfaceOrientations_iPhone = "UIInterfaceOrientationPortrait UIInterfaceOrientationLandscapeLeft UIInterfaceOrientationLandscapeRight";
				LD_RUNPATH_SEARCH_PATHS = (
					"$(inherited)",
					"@executable_path/Frameworks",
				);
				MARKETING_VERSION = 1.0;
				PRODUCT_BUNDLE_IDENTIFIER = m1ky.vkTest;
				PRODUCT_NAME = "$(TARGET_NAME)";
				SWIFT_EMIT_LOC_STRINGS = YES;
				SWIFT_VERSION = 5.0;
				TARGETED_DEVICE_FAMILY = "1,2";
			};
			name = Release;
		};
/* End XCBuildConfiguration section */

/* Begin XCConfigurationList section */
		297B272D287DB40800D7751E /* Build configuration list for PBXProject "vkTest" */ = {
			isa = XCConfigurationList;
			buildConfigurations = (
				297B2744287DB40900D7751E /* Debug */,
				297B2745287DB40900D7751E /* Release */,
			);
			defaultConfigurationIsVisible = 0;
			defaultConfigurationName = Release;
		};
		297B2746287DB40900D7751E /* Build configuration list for PBXNativeTarget "vkTest" */ = {
			isa = XCConfigurationList;
			buildConfigurations = (
				297B2747287DB40900D7751E /* Debug */,
				297B2748287DB40900D7751E /* Release */,
			);
			defaultConfigurationIsVisible = 0;
			defaultConfigurationName = Release;
		};
/* End XCConfigurationList section */

/* Begin XCRemoteSwiftPackageReference section */
		29DE11C1287EDBB900DC3035 /* XCRemoteSwiftPackageReference "SDWebImage" */ = {
			isa = XCRemoteSwiftPackageReference;
			repositoryURL = "https://github.com/SDWebImage/SDWebImage.git";
			requirement = {
				branch = master;
				kind = branch;
			};
		};
/* End XCRemoteSwiftPackageReference section */

/* Begin XCSwiftPackageProductDependency section */
		29DE11C2287EDBB900DC3035 /* SDWebImage */ = {
			isa = XCSwiftPackageProductDependency;
			package = 29DE11C1287EDBB900DC3035 /* XCRemoteSwiftPackageReference "SDWebImage" */;
			productName = SDWebImage;
		};
		29DE11C4287EDBB900DC3035 /* SDWebImageMapKit */ = {
			isa = XCSwiftPackageProductDependency;
			package = 29DE11C1287EDBB900DC3035 /* XCRemoteSwiftPackageReference "SDWebImage" */;
			productName = SDWebImageMapKit;
		};
/* End XCSwiftPackageProductDependency section */
	};
	rootObject = 297B272A287DB40800D7751E /* Project object */;
}
